
Microsoft Visual Studio Solution File, Format Version 12.00
# Visual Studio Version 17
VisualStudioVersion = 17.0.31903.59
MinimumVisualStudioVersion = 10.0.40219.1
Project("{2150E333-8FDC-42A3-9474-1A3956D46DE8}") = "src", "src", "{827E0CD3-B72D-47B6-A68D-7590B98EB39B}"
EndProject
Project("{FAE04EC0-301F-11D3-BF4B-00C04F79EFBC}") = "SharedKernel", "src\SharedKernel\SharedKernel.csproj", "{83128FD5-B826-4236-957D-EC6CCF165CCE}"
EndProject
Project("{FAE04EC0-301F-11D3-BF4B-00C04F79EFBC}") = "Contracts", "src\Contracts\Contracts.csproj", "{11BF0FEB-4FFF-4821-879A-BC905475025A}"
EndProject
Project("{FAE04EC0-301F-11D3-BF4B-00C04F79EFBC}") = "Gateway", "src\Gateway\Gateway.csproj", "{614E4CC7-82A3-42B1-B41D-AE748DAF7498}"
EndProject
Project("{FAE04EC0-301F-11D3-BF4B-00C04F79EFBC}") = "Orders", "src\Orders\Orders.csproj", "{24F53928-4987-4E3D-ACAB-025420BC1091}"
EndProject
Project("{FAE04EC0-301F-11D3-BF4B-00C04F79EFBC}") = "Fulfillment", "src\Fulfillment\Fulfillment.csproj", "{41FC6DB6-D54E-45B3-BBC5-44A9B1157770}"
EndProject
Project("{FAE04EC0-301F-11D3-BF4B-00C04F79EFBC}") = "Billing", "src\Billing\Billing.csproj", "{8B75D636-56DD-40E2-93C2-687BF2D8D6A3}"
EndProject
Project("{FAE04EC0-301F-11D3-BF4B-00C04F79EFBC}") = "Notifications", "src\Notifications\Notifications.csproj", "{D6173C6D-11B3-41EC-94A0-D66DF964EBCE}"
EndProject
Project("{FAE04EC0-301F-11D3-BF4B-00C04F79EFBC}") = "Projector", "src\Projector\Projector.csproj", "{82CF4513-9E88-4B14-A8EB-CD2C094F474D}"
EndProject
Project("{FAE04EC0-301F-11D3-BF4B-00C04F79EFBC}") = "Seed", "src\Seed\Seed.csproj", "{B8A7C556-FBAA-4BFC-9C20-A2E36EC140B3}"
EndProject
Project("{2150E333-8FDC-42A3-9474-1A3956D46DE8}") = "tests", "tests", "{0AB3BF05-4346-4AA6-1389-037BE0695223}"
EndProject
Project("{FAE04EC0-301F-11D3-BF4B-00C04F79EFBC}") = "Architecture.Tests", "tests\Architecture.Tests\Architecture.Tests.csproj", "{737D2838-E65F-4BEF-A963-F84CC1B6AD49}"
EndProject
Project("{FAE04EC0-301F-11D3-BF4B-00C04F79EFBC}") = "SharedKernel.UnitTests", "tests\SharedKernel.UnitTests\SharedKernel.UnitTests.csproj", "{6884A9FC-82F4-431A-830E-E8097B8E4CD9}"
EndProject
Project("{FAE04EC0-301F-11D3-BF4B-00C04F79EFBC}") = "Contracts.UnitTests", "tests\Contracts.UnitTests\Contracts.UnitTests.csproj", "{A48734F4-3632-4273-A1F1-DCF806663319}"
EndProject
Project("{FAE04EC0-301F-11D3-BF4B-00C04F79EFBC}") = "Orders.IntegrationTests", "tests\Orders.IntegrationTests\Orders.IntegrationTests.csproj", "{CD09CF63-F953-46B9-84F8-50B941991449}"
EndProject
Project("{FAE04EC0-301F-11D3-BF4B-00C04F79EFBC}") = "Fulfillment.IntegrationTests", "tests\Fulfillment.IntegrationTests\Fulfillment.IntegrationTests.csproj", "{D53213A6-648E-4159-88C0-DD198D33B11B}"
EndProject
Project("{FAE04EC0-301F-11D3-BF4B-00C04F79EFBC}") = "Billing.IntegrationTests", "tests\Billing.IntegrationTests\Billing.IntegrationTests.csproj", "{F4DB192C-E1C2-4D2C-BEB6-67AB59D11417}"
EndProject
Project("{FAE04EC0-301F-11D3-BF4B-00C04F79EFBC}") = "Notifications.IntegrationTests", "tests\Notifications.IntegrationTests\Notifications.IntegrationTests.csproj", "{77DB5842-B03F-4C09-9138-5A309CA236C4}"
EndProject
Project("{FAE04EC0-301F-11D3-BF4B-00C04F79EFBC}") = "Seed.IntegrationTests", "tests\Seed.IntegrationTests\Seed.IntegrationTests.csproj", "{2E42FAC4-67D5-438F-8A5E-4E763B7D005E}"
EndProject
Project("{FAE04EC0-301F-11D3-BF4B-00C04F79EFBC}") = "Seed.UnitTests", "tests\Seed.UnitTests\Seed.UnitTests.csproj", "{F727716F-20A5-4546-8976-3B6C82C55C89}"
EndProject
Global
	GlobalSection(SolutionConfigurationPlatforms) = preSolution
		Debug|Any CPU = Debug|Any CPU
		Debug|x64 = Debug|x64
		Debug|x86 = Debug|x86
		Release|Any CPU = Release|Any CPU
		Release|x64 = Release|x64
		Release|x86 = Release|x86
	EndGlobalSection
	GlobalSection(ProjectConfigurationPlatforms) = postSolution
		{83128FD5-B826-4236-957D-EC6CCF165CCE}.Debug|Any CPU.ActiveCfg = Debug|Any CPU
		{83128FD5-B826-4236-957D-EC6CCF165CCE}.Debug|Any CPU.Build.0 = Debug|Any CPU
		{83128FD5-B826-4236-957D-EC6CCF165CCE}.Debug|x64.ActiveCfg = Debug|Any CPU
		{83128FD5-B826-4236-957D-EC6CCF165CCE}.Debug|x64.Build.0 = Debug|Any CPU
		{83128FD5-B826-4236-957D-EC6CCF165CCE}.Debug|x86.ActiveCfg = Debug|Any CPU
		{83128FD5-B826-4236-957D-EC6CCF165CCE}.Debug|x86.Build.0 = Debug|Any CPU
		{83128FD5-B826-4236-957D-EC6CCF165CCE}.Release|Any CPU.ActiveCfg = Release|Any CPU
		{83128FD5-B826-4236-957D-EC6CCF165CCE}.Release|Any CPU.Build.0 = Release|Any CPU
		{83128FD5-B826-4236-957D-EC6CCF165CCE}.Release|x64.ActiveCfg = Release|Any CPU
		{83128FD5-B826-4236-957D-EC6CCF165CCE}.Release|x64.Build.0 = Release|Any CPU
		{83128FD5-B826-4236-957D-EC6CCF165CCE}.Release|x86.ActiveCfg = Release|Any CPU
		{83128FD5-B826-4236-957D-EC6CCF165CCE}.Release|x86.Build.0 = Release|Any CPU
		{11BF0FEB-4FFF-4821-879A-BC905475025A}.Debug|Any CPU.ActiveCfg = Debug|Any CPU
		{11BF0FEB-4FFF-4821-879A-BC905475025A}.Debug|Any CPU.Build.0 = Debug|Any CPU
		{11BF0FEB-4FFF-4821-879A-BC905475025A}.Debug|x64.ActiveCfg = Debug|Any CPU
		{11BF0FEB-4FFF-4821-879A-BC905475025A}.Debug|x64.Build.0 = Debug|Any CPU
		{11BF0FEB-4FFF-4821-879A-BC905475025A}.Debug|x86.ActiveCfg = Debug|Any CPU
		{11BF0FEB-4FFF-4821-879A-BC905475025A}.Debug|x86.Build.0 = Debug|Any CPU
		{11BF0FEB-4FFF-4821-879A-BC905475025A}.Release|Any CPU.ActiveCfg = Release|Any CPU
		{11BF0FEB-4FFF-4821-879A-BC905475025A}.Release|Any CPU.Build.0 = Release|Any CPU
		{11BF0FEB-4FFF-4821-879A-BC905475025A}.Release|x64.ActiveCfg = Release|Any CPU
		{11BF0FEB-4FFF-4821-879A-BC905475025A}.Release|x64.Build.0 = Release|Any CPU
		{11BF0FEB-4FFF-4821-879A-BC905475025A}.Release|x86.ActiveCfg = Release|Any CPU
		{11BF0FEB-4FFF-4821-879A-BC905475025A}.Release|x86.Build.0 = Release|Any CPU
		{614E4CC7-82A3-42B1-B41D-AE748DAF7498}.Debug|Any CPU.ActiveCfg = Debug|Any CPU
		{614E4CC7-82A3-42B1-B41D-AE748DAF7498}.Debug|Any CPU.Build.0 = Debug|Any CPU
		{614E4CC7-82A3-42B1-B41D-AE748DAF7498}.Debug|x64.ActiveCfg = Debug|Any CPU
		{614E4CC7-82A3-42B1-B41D-AE748DAF7498}.Debug|x64.Build.0 = Debug|Any CPU
		{614E4CC7-82A3-42B1-B41D-AE748DAF7498}.Debug|x86.ActiveCfg = Debug|Any CPU
		{614E4CC7-82A3-42B1-B41D-AE748DAF7498}.Debug|x86.Build.0 = Debug|Any CPU
		{614E4CC7-82A3-42B1-B41D-AE748DAF7498}.Release|Any CPU.ActiveCfg = Release|Any CPU
		{614E4CC7-82A3-42B1-B41D-AE748DAF7498}.Release|Any CPU.Build.0 = Release|Any CPU
		{614E4CC7-82A3-42B1-B41D-AE748DAF7498}.Release|x64.ActiveCfg = Release|Any CPU
		{614E4CC7-82A3-42B1-B41D-AE748DAF7498}.Release|x64.Build.0 = Release|Any CPU
		{614E4CC7-82A3-42B1-B41D-AE748DAF7498}.Release|x86.ActiveCfg = Release|Any CPU
		{614E4CC7-82A3-42B1-B41D-AE748DAF7498}.Release|x86.Build.0 = Release|Any CPU
		{24F53928-4987-4E3D-ACAB-025420BC1091}.Debug|Any CPU.ActiveCfg = Debug|Any CPU
		{24F53928-4987-4E3D-ACAB-025420BC1091}.Debug|Any CPU.Build.0 = Debug|Any CPU
		{24F53928-4987-4E3D-ACAB-025420BC1091}.Debug|x64.ActiveCfg = Debug|Any CPU
		{24F53928-4987-4E3D-ACAB-025420BC1091}.Debug|x64.Build.0 = Debug|Any CPU
		{24F53928-4987-4E3D-ACAB-025420BC1091}.Debug|x86.ActiveCfg = Debug|Any CPU
		{24F53928-4987-4E3D-ACAB-025420BC1091}.Debug|x86.Build.0 = Debug|Any CPU
		{24F53928-4987-4E3D-ACAB-025420BC1091}.Release|Any CPU.ActiveCfg = Release|Any CPU
		{24F53928-4987-4E3D-ACAB-025420BC1091}.Release|Any CPU.Build.0 = Release|Any CPU
		{24F53928-4987-4E3D-ACAB-025420BC1091}.Release|x64.ActiveCfg = Release|Any CPU
		{24F53928-4987-4E3D-ACAB-025420BC1091}.Release|x64.Build.0 = Release|Any CPU
		{24F53928-4987-4E3D-ACAB-025420BC1091}.Release|x86.ActiveCfg = Release|Any CPU
		{24F53928-4987-4E3D-ACAB-025420BC1091}.Release|x86.Build.0 = Release|Any CPU
		{41FC6DB6-D54E-45B3-BBC5-44A9B1157770}.Debug|Any CPU.ActiveCfg = Debug|Any CPU
		{41FC6DB6-D54E-45B3-BBC5-44A9B1157770}.Debug|Any CPU.Build.0 = Debug|Any CPU
		{41FC6DB6-D54E-45B3-BBC5-44A9B1157770}.Debug|x64.ActiveCfg = Debug|Any CPU
		{41FC6DB6-D54E-45B3-BBC5-44A9B1157770}.Debug|x64.Build.0 = Debug|Any CPU
		{41FC6DB6-D54E-45B3-BBC5-44A9B1157770}.Debug|x86.ActiveCfg = Debug|Any CPU
		{41FC6DB6-D54E-45B3-BBC5-44A9B1157770}.Debug|x86.Build.0 = Debug|Any CPU
		{41FC6DB6-D54E-45B3-BBC5-44A9B1157770}.Release|Any CPU.ActiveCfg = Release|Any CPU
		{41FC6DB6-D54E-45B3-BBC5-44A9B1157770}.Release|Any CPU.Build.0 = Release|Any CPU
		{41FC6DB6-D54E-45B3-BBC5-44A9B1157770}.Release|x64.ActiveCfg = Release|Any CPU
		{41FC6DB6-D54E-45B3-BBC5-44A9B1157770}.Release|x64.Build.0 = Release|Any CPU
		{41FC6DB6-D54E-45B3-BBC5-44A9B1157770}.Release|x86.ActiveCfg = Release|Any CPU
		{41FC6DB6-D54E-45B3-BBC5-44A9B1157770}.Release|x86.Build.0 = Release|Any CPU
		{8B75D636-56DD-40E2-93C2-687BF2D8D6A3}.Debug|Any CPU.ActiveCfg = Debug|Any CPU
		{8B75D636-56DD-40E2-93C2-687BF2D8D6A3}.Debug|Any CPU.Build.0 = Debug|Any CPU
		{8B75D636-56DD-40E2-93C2-687BF2D8D6A3}.Debug|x64.ActiveCfg = Debug|Any CPU
		{8B75D636-56DD-40E2-93C2-687BF2D8D6A3}.Debug|x64.Build.0 = Debug|Any CPU
		{8B75D636-56DD-40E2-93C2-687BF2D8D6A3}.Debug|x86.ActiveCfg = Debug|Any CPU
		{8B75D636-56DD-40E2-93C2-687BF2D8D6A3}.Debug|x86.Build.0 = Debug|Any CPU
		{8B75D636-56DD-40E2-93C2-687BF2D8D6A3}.Release|Any CPU.ActiveCfg = Release|Any CPU
		{8B75D636-56DD-40E2-93C2-687BF2D8D6A3}.Release|Any CPU.Build.0 = Release|Any CPU
		{8B75D636-56DD-40E2-93C2-687BF2D8D6A3}.Release|x64.ActiveCfg = Release|Any CPU
		{8B75D636-56DD-40E2-93C2-687BF2D8D6A3}.Release|x64.Build.0 = Release|Any CPU
		{8B75D636-56DD-40E2-93C2-687BF2D8D6A3}.Release|x86.ActiveCfg = Release|Any CPU
		{8B75D636-56DD-40E2-93C2-687BF2D8D6A3}.Release|x86.Build.0 = Release|Any CPU
		{D6173C6D-11B3-41EC-94A0-D66DF964EBCE}.Debug|Any CPU.ActiveCfg = Debug|Any CPU
		{D6173C6D-11B3-41EC-94A0-D66DF964EBCE}.Debug|Any CPU.Build.0 = Debug|Any CPU
		{D6173C6D-11B3-41EC-94A0-D66DF964EBCE}.Debug|x64.ActiveCfg = Debug|Any CPU
		{D6173C6D-11B3-41EC-94A0-D66DF964EBCE}.Debug|x64.Build.0 = Debug|Any CPU
		{D6173C6D-11B3-41EC-94A0-D66DF964EBCE}.Debug|x86.ActiveCfg = Debug|Any CPU
		{D6173C6D-11B3-41EC-94A0-D66DF964EBCE}.Debug|x86.Build.0 = Debug|Any CPU
		{D6173C6D-11B3-41EC-94A0-D66DF964EBCE}.Release|Any CPU.ActiveCfg = Release|Any CPU
		{D6173C6D-11B3-41EC-94A0-D66DF964EBCE}.Release|Any CPU.Build.0 = Release|Any CPU
		{D6173C6D-11B3-41EC-94A0-D66DF964EBCE}.Release|x64.ActiveCfg = Release|Any CPU
		{D6173C6D-11B3-41EC-94A0-D66DF964EBCE}.Release|x64.Build.0 = Release|Any CPU
		{D6173C6D-11B3-41EC-94A0-D66DF964EBCE}.Release|x86.ActiveCfg = Release|Any CPU
		{D6173C6D-11B3-41EC-94A0-D66DF964EBCE}.Release|x86.Build.0 = Release|Any CPU
		{82CF4513-9E88-4B14-A8EB-CD2C094F474D}.Debug|Any CPU.ActiveCfg = Debug|Any CPU
		{82CF4513-9E88-4B14-A8EB-CD2C094F474D}.Debug|Any CPU.Build.0 = Debug|Any CPU
		{82CF4513-9E88-4B14-A8EB-CD2C094F474D}.Debug|x64.ActiveCfg = Debug|Any CPU
		{82CF4513-9E88-4B14-A8EB-CD2C094F474D}.Debug|x64.Build.0 = Debug|Any CPU
		{82CF4513-9E88-4B14-A8EB-CD2C094F474D}.Debug|x86.ActiveCfg = Debug|Any CPU
		{82CF4513-9E88-4B14-A8EB-CD2C094F474D}.Debug|x86.Build.0 = Debug|Any CPU
		{82CF4513-9E88-4B14-A8EB-CD2C094F474D}.Release|Any CPU.ActiveCfg = Release|Any CPU
		{82CF4513-9E88-4B14-A8EB-CD2C094F474D}.Release|Any CPU.Build.0 = Release|Any CPU
		{82CF4513-9E88-4B14-A8EB-CD2C094F474D}.Release|x64.ActiveCfg = Release|Any CPU
		{82CF4513-9E88-4B14-A8EB-CD2C094F474D}.Release|x64.Build.0 = Release|Any CPU
		{82CF4513-9E88-4B14-A8EB-CD2C094F474D}.Release|x86.ActiveCfg = Release|Any CPU
		{82CF4513-9E88-4B14-A8EB-CD2C094F474D}.Release|x86.Build.0 = Release|Any CPU
		{B8A7C556-FBAA-4BFC-9C20-A2E36EC140B3}.Debug|Any CPU.ActiveCfg = Debug|Any CPU
		{B8A7C556-FBAA-4BFC-9C20-A2E36EC140B3}.Debug|Any CPU.Build.0 = Debug|Any CPU
		{B8A7C556-FBAA-4BFC-9C20-A2E36EC140B3}.Debug|x64.ActiveCfg = Debug|Any CPU
		{B8A7C556-FBAA-4BFC-9C20-A2E36EC140B3}.Debug|x64.Build.0 = Debug|Any CPU
		{B8A7C556-FBAA-4BFC-9C20-A2E36EC140B3}.Debug|x86.ActiveCfg = Debug|Any CPU
		{B8A7C556-FBAA-4BFC-9C20-A2E36EC140B3}.Debug|x86.Build.0 = Debug|Any CPU
		{B8A7C556-FBAA-4BFC-9C20-A2E36EC140B3}.Release|Any CPU.ActiveCfg = Release|Any CPU
		{B8A7C556-FBAA-4BFC-9C20-A2E36EC140B3}.Release|Any CPU.Build.0 = Release|Any CPU
		{B8A7C556-FBAA-4BFC-9C20-A2E36EC140B3}.Release|x64.ActiveCfg = Release|Any CPU
		{B8A7C556-FBAA-4BFC-9C20-A2E36EC140B3}.Release|x64.Build.0 = Release|Any CPU
		{B8A7C556-FBAA-4BFC-9C20-A2E36EC140B3}.Release|x86.ActiveCfg = Release|Any CPU
		{B8A7C556-FBAA-4BFC-9C20-A2E36EC140B3}.Release|x86.Build.0 = Release|Any CPU
		{737D2838-E65F-4BEF-A963-F84CC1B6AD49}.Debug|Any CPU.ActiveCfg = Debug|Any CPU
		{737D2838-E65F-4BEF-A963-F84CC1B6AD49}.Debug|Any CPU.Build.0 = Debug|Any CPU
		{737D2838-E65F-4BEF-A963-F84CC1B6AD49}.Debug|x64.ActiveCfg = Debug|Any CPU
		{737D2838-E65F-4BEF-A963-F84CC1B6AD49}.Debug|x64.Build.0 = Debug|Any CPU
		{737D2838-E65F-4BEF-A963-F84CC1B6AD49}.Debug|x86.ActiveCfg = Debug|Any CPU
		{737D2838-E65F-4BEF-A963-F84CC1B6AD49}.Debug|x86.Build.0 = Debug|Any CPU
		{737D2838-E65F-4BEF-A963-F84CC1B6AD49}.Release|Any CPU.ActiveCfg = Release|Any CPU
		{737D2838-E65F-4BEF-A963-F84CC1B6AD49}.Release|Any CPU.Build.0 = Release|Any CPU
		{737D2838-E65F-4BEF-A963-F84CC1B6AD49}.Release|x64.ActiveCfg = Release|Any CPU
		{737D2838-E65F-4BEF-A963-F84CC1B6AD49}.Release|x64.Build.0 = Release|Any CPU
		{737D2838-E65F-4BEF-A963-F84CC1B6AD49}.Release|x86.ActiveCfg = Release|Any CPU
		{737D2838-E65F-4BEF-A963-F84CC1B6AD49}.Release|x86.Build.0 = Release|Any CPU
		{6884A9FC-82F4-431A-830E-E8097B8E4CD9}.Debug|Any CPU.ActiveCfg = Debug|Any CPU
		{6884A9FC-82F4-431A-830E-E8097B8E4CD9}.Debug|Any CPU.Build.0 = Debug|Any CPU
		{6884A9FC-82F4-431A-830E-E8097B8E4CD9}.Debug|x64.ActiveCfg = Debug|Any CPU
		{6884A9FC-82F4-431A-830E-E8097B8E4CD9}.Debug|x64.Build.0 = Debug|Any CPU
		{6884A9FC-82F4-431A-830E-E8097B8E4CD9}.Debug|x86.ActiveCfg = Debug|Any CPU
		{6884A9FC-82F4-431A-830E-E8097B8E4CD9}.Debug|x86.Build.0 = Debug|Any CPU
		{6884A9FC-82F4-431A-830E-E8097B8E4CD9}.Release|Any CPU.ActiveCfg = Release|Any CPU
		{6884A9FC-82F4-431A-830E-E8097B8E4CD9}.Release|Any CPU.Build.0 = Release|Any CPU
		{6884A9FC-82F4-431A-830E-E8097B8E4CD9}.Release|x64.ActiveCfg = Release|Any CPU
		{6884A9FC-82F4-431A-830E-E8097B8E4CD9}.Release|x64.Build.0 = Release|Any CPU
		{6884A9FC-82F4-431A-830E-E8097B8E4CD9}.Release|x86.ActiveCfg = Release|Any CPU
		{6884A9FC-82F4-431A-830E-E8097B8E4CD9}.Release|x86.Build.0 = Release|Any CPU
		{A48734F4-3632-4273-A1F1-DCF806663319}.Debug|Any CPU.ActiveCfg = Debug|Any CPU
		{A48734F4-3632-4273-A1F1-DCF806663319}.Debug|Any CPU.Build.0 = Debug|Any CPU
		{A48734F4-3632-4273-A1F1-DCF806663319}.Debug|x64.ActiveCfg = Debug|Any CPU
		{A48734F4-3632-4273-A1F1-DCF806663319}.Debug|x64.Build.0 = Debug|Any CPU
		{A48734F4-3632-4273-A1F1-DCF806663319}.Debug|x86.ActiveCfg = Debug|Any CPU
		{A48734F4-3632-4273-A1F1-DCF806663319}.Debug|x86.Build.0 = Debug|Any CPU
		{A48734F4-3632-4273-A1F1-DCF806663319}.Release|Any CPU.ActiveCfg = Release|Any CPU
		{A48734F4-3632-4273-A1F1-DCF806663319}.Release|Any CPU.Build.0 = Release|Any CPU
		{A48734F4-3632-4273-A1F1-DCF806663319}.Release|x64.ActiveCfg = Release|Any CPU
		{A48734F4-3632-4273-A1F1-DCF806663319}.Release|x64.Build.0 = Release|Any CPU
		{A48734F4-3632-4273-A1F1-DCF806663319}.Release|x86.ActiveCfg = Release|Any CPU
		{A48734F4-3632-4273-A1F1-DCF806663319}.Release|x86.Build.0 = Release|Any CPU
		{CD09CF63-F953-46B9-84F8-50B941991449}.Debug|Any CPU.ActiveCfg = Debug|Any CPU
		{CD09CF63-F953-46B9-84F8-50B941991449}.Debug|Any CPU.Build.0 = Debug|Any CPU
		{CD09CF63-F953-46B9-84F8-50B941991449}.Debug|x64.ActiveCfg = Debug|Any CPU
		{CD09CF63-F953-46B9-84F8-50B941991449}.Debug|x64.Build.0 = Debug|Any CPU
		{CD09CF63-F953-46B9-84F8-50B941991449}.Debug|x86.ActiveCfg = Debug|Any CPU
		{CD09CF63-F953-46B9-84F8-50B941991449}.Debug|x86.Build.0 = Debug|Any CPU
		{CD09CF63-F953-46B9-84F8-50B941991449}.Release|Any CPU.ActiveCfg = Release|Any CPU
		{CD09CF63-F953-46B9-84F8-50B941991449}.Release|Any CPU.Build.0 = Release|Any CPU
		{CD09CF63-F953-46B9-84F8-50B941991449}.Release|x64.ActiveCfg = Release|Any CPU
		{CD09CF63-F953-46B9-84F8-50B941991449}.Release|x64.Build.0 = Release|Any CPU
		{CD09CF63-F953-46B9-84F8-50B941991449}.Release|x86.ActiveCfg = Release|Any CPU
		{CD09CF63-F953-46B9-84F8-50B941991449}.Release|x86.Build.0 = Release|Any CPU
		{D53213A6-648E-4159-88C0-DD198D33B11B}.Debug|Any CPU.ActiveCfg = Debug|Any CPU
		{D53213A6-648E-4159-88C0-DD198D33B11B}.Debug|Any CPU.Build.0 = Debug|Any CPU
		{D53213A6-648E-4159-88C0-DD198D33B11B}.Debug|x64.ActiveCfg = Debug|Any CPU
		{D53213A6-648E-4159-88C0-DD198D33B11B}.Debug|x64.Build.0 = Debug|Any CPU
		{D53213A6-648E-4159-88C0-DD198D33B11B}.Debug|x86.ActiveCfg = Debug|Any CPU
		{D53213A6-648E-4159-88C0-DD198D33B11B}.Debug|x86.Build.0 = Debug|Any CPU
		{D53213A6-648E-4159-88C0-DD198D33B11B}.Release|Any CPU.ActiveCfg = Release|Any CPU
		{D53213A6-648E-4159-88C0-DD198D33B11B}.Release|Any CPU.Build.0 = Release|Any CPU
		{D53213A6-648E-4159-88C0-DD198D33B11B}.Release|x64.ActiveCfg = Release|Any CPU
		{D53213A6-648E-4159-88C0-DD198D33B11B}.Release|x64.Build.0 = Release|Any CPU
		{D53213A6-648E-4159-88C0-DD198D33B11B}.Release|x86.ActiveCfg = Release|Any CPU
		{D53213A6-648E-4159-88C0-DD198D33B11B}.Release|x86.Build.0 = Release|Any CPU
		{F4DB192C-E1C2-4D2C-BEB6-67AB59D11417}.Debug|Any CPU.ActiveCfg = Debug|Any CPU
		{F4DB192C-E1C2-4D2C-BEB6-67AB59D11417}.Debug|Any CPU.Build.0 = Debug|Any CPU
		{F4DB192C-E1C2-4D2C-BEB6-67AB59D11417}.Debug|x64.ActiveCfg = Debug|Any CPU
		{F4DB192C-E1C2-4D2C-BEB6-67AB59D11417}.Debug|x64.Build.0 = Debug|Any CPU
		{F4DB192C-E1C2-4D2C-BEB6-67AB59D11417}.Debug|x86.ActiveCfg = Debug|Any CPU
		{F4DB192C-E1C2-4D2C-BEB6-67AB59D11417}.Debug|x86.Build.0 = Debug|Any CPU
		{F4DB192C-E1C2-4D2C-BEB6-67AB59D11417}.Release|Any CPU.ActiveCfg = Release|Any CPU
		{F4DB192C-E1C2-4D2C-BEB6-67AB59D11417}.Release|Any CPU.Build.0 = Release|Any CPU
		{F4DB192C-E1C2-4D2C-BEB6-67AB59D11417}.Release|x64.ActiveCfg = Release|Any CPU
		{F4DB192C-E1C2-4D2C-BEB6-67AB59D11417}.Release|x64.Build.0 = Release|Any CPU
		{F4DB192C-E1C2-4D2C-BEB6-67AB59D11417}.Release|x86.ActiveCfg = Release|Any CPU
		{F4DB192C-E1C2-4D2C-BEB6-67AB59D11417}.Release|x86.Build.0 = Release|Any CPU
		{77DB5842-B03F-4C09-9138-5A309CA236C4}.Debug|Any CPU.ActiveCfg = Debug|Any CPU
		{77DB5842-B03F-4C09-9138-5A309CA236C4}.Debug|Any CPU.Build.0 = Debug|Any CPU
		{77DB5842-B03F-4C09-9138-5A309CA236C4}.Debug|x64.ActiveCfg = Debug|Any CPU
		{77DB5842-B03F-4C09-9138-5A309CA236C4}.Debug|x64.Build.0 = Debug|Any CPU
		{77DB5842-B03F-4C09-9138-5A309CA236C4}.Debug|x86.ActiveCfg = Debug|Any CPU
		{77DB5842-B03F-4C09-9138-5A309CA236C4}.Debug|x86.Build.0 = Debug|Any CPU
		{77DB5842-B03F-4C09-9138-5A309CA236C4}.Release|Any CPU.ActiveCfg = Release|Any CPU
		{77DB5842-B03F-4C09-9138-5A309CA236C4}.Release|Any CPU.Build.0 = Release|Any CPU
		{77DB5842-B03F-4C09-9138-5A309CA236C4}.Release|x64.ActiveCfg = Release|Any CPU
		{77DB5842-B03F-4C09-9138-5A309CA236C4}.Release|x64.Build.0 = Release|Any CPU
		{77DB5842-B03F-4C09-9138-5A309CA236C4}.Release|x86.ActiveCfg = Release|Any CPU
		{77DB5842-B03F-4C09-9138-5A309CA236C4}.Release|x86.Build.0 = Release|Any CPU
		{2E42FAC4-67D5-438F-8A5E-4E763B7D005E}.Debug|Any CPU.ActiveCfg = Debug|Any CPU
		{2E42FAC4-67D5-438F-8A5E-4E763B7D005E}.Debug|Any CPU.Build.0 = Debug|Any CPU
		{2E42FAC4-67D5-438F-8A5E-4E763B7D005E}.Debug|x64.ActiveCfg = Debug|Any CPU
		{2E42FAC4-67D5-438F-8A5E-4E763B7D005E}.Debug|x64.Build.0 = Debug|Any CPU
		{2E42FAC4-67D5-438F-8A5E-4E763B7D005E}.Debug|x86.ActiveCfg = Debug|Any CPU
		{2E42FAC4-67D5-438F-8A5E-4E763B7D005E}.Debug|x86.Build.0 = Debug|Any CPU
		{2E42FAC4-67D5-438F-8A5E-4E763B7D005E}.Release|Any CPU.ActiveCfg = Release|Any CPU
		{2E42FAC4-67D5-438F-8A5E-4E763B7D005E}.Release|Any CPU.Build.0 = Release|Any CPU
		{2E42FAC4-67D5-438F-8A5E-4E763B7D005E}.Release|x64.ActiveCfg = Release|Any CPU
		{2E42FAC4-67D5-438F-8A5E-4E763B7D005E}.Release|x64.Build.0 = Release|Any CPU
		{2E42FAC4-67D5-438F-8A5E-4E763B7D005E}.Release|x86.ActiveCfg = Release|Any CPU
		{2E42FAC4-67D5-438F-8A5E-4E763B7D005E}.Release|x86.Build.0 = Release|Any CPU
		{F727716F-20A5-4546-8976-3B6C82C55C89}.Debug|Any CPU.ActiveCfg = Debug|Any CPU
		{F727716F-20A5-4546-8976-3B6C82C55C89}.Debug|Any CPU.Build.0 = Debug|Any CPU
		{F727716F-20A5-4546-8976-3B6C82C55C89}.Debug|x64.ActiveCfg = Debug|Any CPU
		{F727716F-20A5-4546-8976-3B6C82C55C89}.Debug|x64.Build.0 = Debug|Any CPU
		{F727716F-20A5-4546-8976-3B6C82C55C89}.Debug|x86.ActiveCfg = Debug|Any CPU
		{F727716F-20A5-4546-8976-3B6C82C55C89}.Debug|x86.Build.0 = Debug|Any CPU
		{F727716F-20A5-4546-8976-3B6C82C55C89}.Release|Any CPU.ActiveCfg = Release|Any CPU
		{F727716F-20A5-4546-8976-3B6C82C55C89}.Release|Any CPU.Build.0 = Release|Any CPU
		{F727716F-20A5-4546-8976-3B6C82C55C89}.Release|x64.ActiveCfg = Release|Any CPU
		{F727716F-20A5-4546-8976-3B6C82C55C89}.Release|x64.Build.0 = Release|Any CPU
		{F727716F-20A5-4546-8976-3B6C82C55C89}.Release|x86.ActiveCfg = Release|Any CPU
		{F727716F-20A5-4546-8976-3B6C82C55C89}.Release|x86.Build.0 = Release|Any CPU
	EndGlobalSection
	GlobalSection(SolutionProperties) = preSolution
		HideSolutionNode = FALSE
	EndGlobalSection
	GlobalSection(NestedProjects) = preSolution
		{83128FD5-B826-4236-957D-EC6CCF165CCE} = {827E0CD3-B72D-47B6-A68D-7590B98EB39B}
		{11BF0FEB-4FFF-4821-879A-BC905475025A} = {827E0CD3-B72D-47B6-A68D-7590B98EB39B}
		{614E4CC7-82A3-42B1-B41D-AE748DAF7498} = {827E0CD3-B72D-47B6-A68D-7590B98EB39B}
		{24F53928-4987-4E3D-ACAB-025420BC1091} = {827E0CD3-B72D-47B6-A68D-7590B98EB39B}
		{41FC6DB6-D54E-45B3-BBC5-44A9B1157770} = {827E0CD3-B72D-47B6-A68D-7590B98EB39B}
		{8B75D636-56DD-40E2-93C2-687BF2D8D6A3} = {827E0CD3-B72D-47B6-A68D-7590B98EB39B}
		{D6173C6D-11B3-41EC-94A0-D66DF964EBCE} = {827E0CD3-B72D-47B6-A68D-7590B98EB39B}
		{82CF4513-9E88-4B14-A8EB-CD2C094F474D} = {827E0CD3-B72D-47B6-A68D-7590B98EB39B}
		{B8A7C556-FBAA-4BFC-9C20-A2E36EC140B3} = {827E0CD3-B72D-47B6-A68D-7590B98EB39B}
		{737D2838-E65F-4BEF-A963-F84CC1B6AD49} = {0AB3BF05-4346-4AA6-1389-037BE0695223}
		{6884A9FC-82F4-431A-830E-E8097B8E4CD9} = {0AB3BF05-4346-4AA6-1389-037BE0695223}
		{A48734F4-3632-4273-A1F1-DCF806663319} = {0AB3BF05-4346-4AA6-1389-037BE0695223}
		{CD09CF63-F953-46B9-84F8-50B941991449} = {0AB3BF05-4346-4AA6-1389-037BE0695223}
		{D53213A6-648E-4159-88C0-DD198D33B11B} = {0AB3BF05-4346-4AA6-1389-037BE0695223}
		{F4DB192C-E1C2-4D2C-BEB6-67AB59D11417} = {0AB3BF05-4346-4AA6-1389-037BE0695223}
		{77DB5842-B03F-4C09-9138-5A309CA236C4} = {0AB3BF05-4346-4AA6-1389-037BE0695223}
		{2E42FAC4-67D5-438F-8A5E-4E763B7D005E} = {0AB3BF05-4346-4AA6-1389-037BE0695223}
		{F727716F-20A5-4546-8976-3B6C82C55C89} = {0AB3BF05-4346-4AA6-1389-037BE0695223}
	EndGlobalSection
EndGlobal
